// !$*UTF8*$!
{
	archiveVersion = 1;
	classes = {
	};
	objectVersion = 77;
	objects = {

/* Begin PBXContainerItemProxy section */
		371BEB542DFB0E5C00761EE1 /* PBXContainerItemProxy */ = {
			isa = PBXContainerItemProxy;
			containerPortal = 371BEB3E2DFB0E5A00761EE1 /* Project object */;
			proxyType = 1;
			remoteGlobalIDString = 371BEB452DFB0E5A00761EE1;
			remoteInfo = "Calculator Mobile App";
		};
		371BEB5E2DFB0E5C00761EE1 /* PBXContainerItemProxy */ = {
			isa = PBXContainerItemProxy;
			containerPortal = 371BEB3E2DFB0E5A00761EE1 /* Project object */;
			proxyType = 1;
			remoteGlobalIDString = 371BEB452DFB0E5A00761EE1;
			remoteInfo = "Calculator Mobile App";
		};
/* End PBXContainerItemProxy section */

/* Begin PBXFileReference section */
		371BEB462DFB0E5A00761EE1 /* Calculator Mobile App.app */ = {isa = PBXFileReference; explicitFileType = wrapper.application; includeInIndex = 0; path = "Calculator Mobile App.app"; sourceTree = BUILT_PRODUCTS_DIR; };
		371BEB532DFB0E5C00761EE1 /* Calculator Mobile AppTests.xctest */ = {isa = PBXFileReference; explicitFileType = wrapper.cfbundle; includeInIndex = 0; path = "Calculator Mobile AppTests.xctest"; sourceTree = BUILT_PRODUCTS_DIR; };
		371BEB5D2DFB0E5C00761EE1 /* Calculator Mobile AppUITests.xctest */ = {isa = PBXFileReference; explicitFileType = wrapper.cfbundle; includeInIndex = 0; path = "Calculator Mobile AppUITests.xctest"; sourceTree = BUILT_PRODUCTS_DIR; };
/* End PBXFileReference section */

/* Begin PBXFileSystemSynchronizedRootGroup section */
		371BEB482DFB0E5A00761EE1 /* Calculator Mobile App */ = {
			isa = PBXFileSystemSynchronizedRootGroup;
			path = "Calculator Mobile App";
			sourceTree = "<group>";
		};
		371BEB562DFB0E5C00761EE1 /* Calculator Mobile AppTests */ = {
			isa = PBXFileSystemSynchronizedRootGroup;
			path = "Calculator Mobile AppTests";
			sourceTree = "<group>";
		};
		371BEB602DFB0E5C00761EE1 /* Calculator Mobile AppUITests */ = {
			isa = PBXFileSystemSynchronizedRootGroup;
			path = "Calculator Mobile AppUITests";
			sourceTree = "<group>";
		};
/* End PBXFileSystemSynchronizedRootGroup section */

/* Begin PBXFrameworksBuildPhase section */
		371BEB432DFB0E5A00761EE1 /* Frameworks */ = {
			isa = PBXFrameworksBuildPhase;
			buildActionMask = 2147483647;
			files = (
			);
			runOnlyForDeploymentPostprocessing = 0;
		};
		371BEB502DFB0E5C00761EE1 /* Frameworks */ = {
			isa = PBXFrameworksBuildPhase;
			buildActionMask = 2147483647;
			files = (
			);
			runOnlyForDeploymentPostprocessing = 0;
		};
		371BEB5A2DFB0E5C00761EE1 /* Frameworks */ = {
			isa = PBXFrameworksBuildPhase;
			buildActionMask = 2147483647;
			files = (
			);
			runOnlyForDeploymentPostprocessing = 0;
		};
/* End PBXFrameworksBuildPhase section */

/* Begin PBXGroup section */
		371BEB3D2DFB0E5A00761EE1 = {
			isa = PBXGroup;
			children = (
				371BEB482DFB0E5A00761EE1 /* Calculator Mobile App */,
				371BEB562DFB0E5C00761EE1 /* Calculator Mobile AppTests */,
				371BEB602DFB0E5C00761EE1 /* Calculator Mobile AppUITests */,
				371BEB472DFB0E5A00761EE1 /* Products */,
			);
			sourceTree = "<group>";
		};
		371BEB472DFB0E5A00761EE1 /* Products */ = {
			isa = PBXGroup;
			children = (
				371BEB462DFB0E5A00761EE1 /* Calculator Mobile App.app */,
				371BEB532DFB0E5C00761EE1 /* Calculator Mobile AppTests.xctest */,
				371BEB5D2DFB0E5C00761EE1 /* Calculator Mobile AppUITests.xctest */,
			);
			name = Products;
			sourceTree = "<group>";
		};
/* End PBXGroup section */

/* Begin PBXNativeTarget section */
		371BEB452DFB0E5A00761EE1 /* Calculator Mobile App */ = {
			isa = PBXNativeTarget;
			buildConfigurationList = 371BEB672DFB0E5C00761EE1 /* Build configuration list for PBXNativeTarget "Calculator Mobile App" */;
			buildPhases = (
				371BEB422DFB0E5A00761EE1 /* Sources */,
				371BEB432DFB0E5A00761EE1 /* Frameworks */,
				371BEB442DFB0E5A00761EE1 /* Resources */,
			);
			buildRules = (
			);
			dependencies = (
			);
			fileSystemSynchronizedGroups = (
				371BEB482DFB0E5A00761EE1 /* Calculator Mobile App */,
			);
			name = "Calculator Mobile App";
			packageProductDependencies = (
			);
			productName = "Calculator Mobile App";
			productReference = 371BEB462DFB0E5A00761EE1 /* Calculator Mobile App.app */;
			productType = "com.apple.product-type.application";
		};
		371BEB522DFB0E5C00761EE1 /* Calculator Mobile AppTests */ = {
			isa = PBXNativeTarget;
			buildConfigurationList = 371BEB6A2DFB0E5C00761EE1 /* Build configuration list for PBXNativeTarget "Calculator Mobile AppTests" */;
			buildPhases = (
				371BEB4F2DFB0E5C00761EE1 /* Sources */,
				371BEB502DFB0E5C00761EE1 /* Frameworks */,
				371BEB512DFB0E5C00761EE1 /* Resources */,
			);
			buildRules = (
			);
			dependencies = (
				371BEB552DFB0E5C00761EE1 /* PBXTargetDependency */,
			);
			fileSystemSynchronizedGroups = (
				371BEB562DFB0E5C00761EE1 /* Calculator Mobile AppTests */,
			);
			name = "Calculator Mobile AppTests";
			packageProductDependencies = (
			);
			productName = "Calculator Mobile AppTests";
			productReference = 371BEB532DFB0E5C00761EE1 /* Calculator Mobile AppTests.xctest */;
			productType = "com.apple.product-type.bundle.unit-test";
		};
		371BEB5C2DFB0E5C00761EE1 /* Calculator Mobile AppUITests */ = {
			isa = PBXNativeTarget;
			buildConfigurationList = 371BEB6D2DFB0E5C00761EE1 /* Build configuration list for PBXNativeTarget "Calculator Mobile AppUITests" */;
			buildPhases = (
				371BEB592DFB0E5C00761EE1 /* Sources */,
				371BEB5A2DFB0E5C00761EE1 /* Frameworks */,
				371BEB5B2DFB0E5C00761EE1 /* Resources */,
			);
			buildRules = (
			);
			dependencies = (
				371BEB5F2DFB0E5C00761EE1 /* PBXTargetDependency */,
			);
			fileSystemSynchronizedGroups = (
				371BEB602DFB0E5C00761EE1 /* Calculator Mobile AppUITests */,
			);
			name = "Calculator Mobile AppUITests";
			packageProductDependencies = (
			);
			productName = "Calculator Mobile AppUITests";
			productReference = 371BEB5D2DFB0E5C00761EE1 /* Calculator Mobile AppUITests.xctest */;
			productType = "com.apple.product-type.bundle.ui-testing";
		};
/* End PBXNativeTarget section */

/* Begin PBXProject section */
		371BEB3E2DFB0E5A00761EE1 /* Project object */ = {
			isa = PBXProject;
			attributes = {
				BuildIndependentTargetsInParallel = 1;
				LastSwiftUpdateCheck = 1640;
				LastUpgradeCheck = 1640;
				TargetAttributes = {
					371BEB452DFB0E5A00761EE1 = {
						CreatedOnToolsVersion = 16.4;
					};
					371BEB522DFB0E5C00761EE1 = {
						CreatedOnToolsVersion = 16.4;
						TestTargetID = 371BEB452DFB0E5A00761EE1;
					};
					371BEB5C2DFB0E5C00761EE1 = {
						CreatedOnToolsVersion = 16.4;
						TestTargetID = 371BEB452DFB0E5A00761EE1;
					};
				};
			};
			buildConfigurationList = 371BEB412DFB0E5A00761EE1 /* Build configuration list for PBXProject "Calculator Mobile App" */;
			developmentRegion = en;
			hasScannedForEncodings = 0;
			knownRegions = (
				en,
				Base,
			);
			mainGroup = 371BEB3D2DFB0E5A00761EE1;
			minimizedProjectReferenceProxies = 1;
			preferredProjectObjectVersion = 77;
			productRefGroup = 371BEB472DFB0E5A00761EE1 /* Products */;
			projectDirPath = "";
			projectRoot = "";
			targets = (
				371BEB452DFB0E5A00761EE1 /* Calculator Mobile App */,
				371BEB522DFB0E5C00761EE1 /* Calculator Mobile AppTests */,
				371BEB5C2DFB0E5C00761EE1 /* Calculator Mobile AppUITests */,
			);
		};
/* End PBXProject section */

/* Begin PBXResourcesBuildPhase section */
		371BEB442DFB0E5A00761EE1 /* Resources */ = {
			isa = PBXResourcesBuildPhase;
			buildActionMask = 2147483647;
			files = (
			);
			runOnlyForDeploymentPostprocessing = 0;
		};
		371BEB512DFB0E5C00761EE1 /* Resources */ = {
			isa = PBXResourcesBuildPhase;
			buildActionMask = 2147483647;
			files = (
			);
			runOnlyForDeploymentPostprocessing = 0;
		};
		371BEB5B2DFB0E5C00761EE1 /* Resources */ = {
			isa = PBXResourcesBuildPhase;
			buildActionMask = 2147483647;
			files = (
			);
			runOnlyForDeploymentPostprocessing = 0;
		};
/* End PBXResourcesBuildPhase section */

/* Begin PBXSourcesBuildPhase section */
		371BEB422DFB0E5A00761EE1 /* Sources */ = {
			isa = PBXSourcesBuildPhase;
			buildActionMask = 2147483647;
			files = (
			);
			runOnlyForDeploymentPostprocessing = 0;
		};
		371BEB4F2DFB0E5C00761EE1 /* Sources */ = {
			isa = PBXSourcesBuildPhase;
			buildActionMask = 2147483647;
			files = (
			);
			runOnlyForDeploymentPostprocessing = 0;
		};
		371BEB592DFB0E5C00761EE1 /* Sources */ = {
			isa = PBXSourcesBuildPhase;
			buildActionMask = 2147483647;
			files = (
			);
			runOnlyForDeploymentPostprocessing = 0;
		};
/* End PBXSourcesBuildPhase section */

/* Begin PBXTargetDependency section */
		371BEB552DFB0E5C00761EE1 /* PBXTargetDependency */ = {
			isa = PBXTargetDependency;
			target = 371BEB452DFB0E5A00761EE1 /* Calculator Mobile App */;
			targetProxy = 371BEB542DFB0E5C00761EE1 /* PBXContainerItemProxy */;
		};
		371BEB5F2DFB0E5C00761EE1 /* PBXTargetDependency */ = {
			isa = PBXTargetDependency;
			target = 371BEB452DFB0E5A00761EE1 /* Calculator Mobile App */;
			targetProxy = 371BEB5E2DFB0E5C00761EE1 /* PBXContainerItemProxy */;
		};
/* End PBXTargetDependency section */

/* Begin XCBuildConfiguration section */
		371BEB652DFB0E5C00761EE1 /* Debug */ = {
			isa = XCBuildConfiguration;
			buildSettings = {
				ALWAYS_SEARCH_USER_PATHS = NO;
				ASSETCATALOG_COMPILER_GENERATE_SWIFT_ASSET_SYMBOL_EXTENSIONS = YES;
				CLANG_ANALYZER_NONNULL = YES;
				CLANG_ANALYZER_NUMBER_OBJECT_CONVERSION = YES_AGGRESSIVE;
				CLANG_CXX_LANGUAGE_STANDARD = "gnu++20";
				CLANG_ENABLE_MODULES = YES;
				CLANG_ENABLE_OBJC_ARC = YES;
				CLANG_ENABLE_OBJC_WEAK = YES;
				CLANG_WARN_BLOCK_CAPTURE_AUTORELEASING = YES;
				CLANG_WARN_BOOL_CONVERSION = YES;
				CLANG_WARN_COMMA = YES;
				CLANG_WARN_CONSTANT_CONVERSION = YES;
				CLANG_WARN_DEPRECATED_OBJC_IMPLEMENTATIONS = YES;
				CLANG_WARN_DIRECT_OBJC_ISA_USAGE = YES_ERROR;
				CLANG_WARN_DOCUMENTATION_COMMENTS = YES;
				CLANG_WARN_EMPTY_BODY = YES;
				CLANG_WARN_ENUM_CONVERSION = YES;
				CLANG_WARN_INFINITE_RECURSION = YES;
				CLANG_WARN_INT_CONVERSION = YES;
				CLANG_WARN_NON_LITERAL_NULL_CONVERSION = YES;
				CLANG_WARN_OBJC_IMPLICIT_RETAIN_SELF = YES;
				CLANG_WARN_OBJC_LITERAL_CONVERSION = YES;
				CLANG_WARN_OBJC_ROOT_CLASS = YES_ERROR;
				CLANG_WARN_QUOTED_INCLUDE_IN_FRAMEWORK_HEADER = YES;
				CLANG_WARN_RANGE_LOOP_ANALYSIS = YES;
				CLANG_WARN_STRICT_PROTOTYPES = YES;
				CLANG_WARN_SUSPICIOUS_MOVE = YES;
				CLANG_WARN_UNGUARDED_AVAILABILITY = YES_AGGRESSIVE;
				CLANG_WARN_UNREACHABLE_CODE = YES;
				CLANG_WARN__DUPLICATE_METHOD_MATCH = YES;
				COPY_PHASE_STRIP = NO;
				DEBUG_INFORMATION_FORMAT = dwarf;
				DEVELOPMENT_TEAM = C5B3R79784;
				ENABLE_STRICT_OBJC_MSGSEND = YES;
				ENABLE_TESTABILITY = YES;
				ENABLE_USER_SCRIPT_SANDBOXING = YES;
				GCC_C_LANGUAGE_STANDARD = gnu17;
				GCC_DYNAMIC_NO_PIC = NO;
				GCC_NO_COMMON_BLOCKS = YES;
				GCC_OPTIMIZATION_LEVEL = 0;
				GCC_PREPROCESSOR_DEFINITIONS = (
					"DEBUG=1",
					"$(inherited)",
				);
				GCC_WARN_64_TO_32_BIT_CONVERSION = YES;
				GCC_WARN_ABOUT_RETURN_TYPE = YES_ERROR;
				GCC_WARN_UNDECLARED_SELECTOR = YES;
				GCC_WARN_UNINITIALIZED_AUTOS = YES_AGGRESSIVE;
				GCC_WARN_UNUSED_FUNCTION = YES;
				GCC_WARN_UNUSED_VARIABLE = YES;
				IPHONEOS_DEPLOYMENT_TARGET = 18.5;
				LOCALIZATION_PREFERS_STRING_CATALOGS = YES;
				MTL_ENABLE_DEBUG_INFO = INCLUDE_SOURCE;
				MTL_FAST_MATH = YES;
				ONLY_ACTIVE_ARCH = YES;
				SDKROOT = iphoneos;
				SWIFT_ACTIVE_COMPILATION_CONDITIONS = "DEBUG $(inherited)";
				SWIFT_OPTIMIZATION_LEVEL = "-Onone";
			};
			name = Debug;
		};
		371BEB662DFB0E5C00761EE1 /* Release */ = {
			isa = XCBuildConfiguration;
			buildSettings = {
				ALWAYS_SEARCH_USER_PATHS = NO;
				ASSETCATALOG_COMPILER_GENERATE_SWIFT_ASSET_SYMBOL_EXTENSIONS = YES;
				CLANG_ANALYZER_NONNULL = YES;
				CLANG_ANALYZER_NUMBER_OBJECT_CONVERSION = YES_AGGRESSIVE;
				CLANG_CXX_LANGUAGE_STANDARD = "gnu++20";
				CLANG_ENABLE_MODULES = YES;
				CLANG_ENABLE_OBJC_ARC = YES;
				CLANG_ENABLE_OBJC_WEAK = YES;
				CLANG_WARN_BLOCK_CAPTURE_AUTORELEASING = YES;
				CLANG_WARN_BOOL_CONVERSION = YES;
				CLANG_WARN_COMMA = YES;
				CLANG_WARN_CONSTANT_CONVERSION = YES;
				CLANG_WARN_DEPRECATED_OBJC_IMPLEMENTATIONS = YES;
				CLANG_WARN_DIRECT_OBJC_ISA_USAGE = YES_ERROR;
				CLANG_WARN_DOCUMENTATION_COMMENTS = YES;
				CLANG_WARN_EMPTY_BODY = YES;
				CLANG_WARN_ENUM_CONVERSION = YES;
				CLANG_WARN_INFINITE_RECURSION = YES;
				CLANG_WARN_INT_CONVERSION = YES;
				CLANG_WARN_NON_LITERAL_NULL_CONVERSION = YES;
				CLANG_WARN_OBJC_IMPLICIT_RETAIN_SELF = YES;
				CLANG_WARN_OBJC_LITERAL_CONVERSION = YES;
				CLANG_WARN_OBJC_ROOT_CLASS = YES_ERROR;
				CLANG_WARN_QUOTED_INCLUDE_IN_FRAMEWORK_HEADER = YES;
				CLANG_WARN_RANGE_LOOP_ANALYSIS = YES;
				CLANG_WARN_STRICT_PROTOTYPES = YES;
				CLANG_WARN_SUSPICIOUS_MOVE = YES;
				CLANG_WARN_UNGUARDED_AVAILABILITY = YES_AGGRESSIVE;
				CLANG_WARN_UNREACHABLE_CODE = YES;
				CLANG_WARN__DUPLICATE_METHOD_MATCH = YES;
				COPY_PHASE_STRIP = NO;
				DEBUG_INFORMATION_FORMAT = "dwarf-with-dsym";
				DEVELOPMENT_TEAM = C5B3R79784;
				ENABLE_NS_ASSERTIONS = NO;
				ENABLE_STRICT_OBJC_MSGSEND = YES;
				ENABLE_USER_SCRIPT_SANDBOXING = YES;
				GCC_C_LANGUAGE_STANDARD = gnu17;
				GCC_NO_COMMON_BLOCKS = YES;
				GCC_WARN_64_TO_32_BIT_CONVERSION = YES;
				GCC_WARN_ABOUT_RETURN_TYPE = YES_ERROR;
				GCC_WARN_UNDECLARED_SELECTOR = YES;
				GCC_WARN_UNINITIALIZED_AUTOS = YES_AGGRESSIVE;
				GCC_WARN_UNUSED_FUNCTION = YES;
				GCC_WARN_UNUSED_VARIABLE = YES;
				IPHONEOS_DEPLOYMENT_TARGET = 18.5;
				LOCALIZATION_PREFERS_STRING_CATALOGS = YES;
				MTL_ENABLE_DEBUG_INFO = NO;
				MTL_FAST_MATH = YES;
				SDKROOT = iphoneos;
				SWIFT_COMPILATION_MODE = wholemodule;
				VALIDATE_PRODUCT = YES;
			};
			name = Release;
		};
		371BEB682DFB0E5C00761EE1 /* Debug */ = {
			isa = XCBuildConfiguration;
			buildSettings = {
				ASSETCATALOG_COMPILER_APPICON_NAME = AppIcon;
				ASSETCATALOG_COMPILER_GLOBAL_ACCENT_COLOR_NAME = AccentColor;
				CODE_SIGN_STYLE = Automatic;
				CURRENT_PROJECT_VERSION = 1;
				DEVELOPMENT_TEAM = C5B3R79784;
				ENABLE_PREVIEWS = YES;
				GENERATE_INFOPLIST_FILE = YES;
				INFOPLIST_KEY_UIApplicationSceneManifest_Generation = YES;
				INFOPLIST_KEY_UIApplicationSupportsIndirectInputEvents = YES;
				INFOPLIST_KEY_UILaunchScreen_Generation = YES;
				INFOPLIST_KEY_UISupportedInterfaceOrientations_iPad = "UIInterfaceOrientationPortrait UIInterfaceOrientationPortraitUpsideDown UIInterfaceOrientationLandscapeLeft UIInterfaceOrientationLandscapeRight";
				INFOPLIST_KEY_UISupportedInterfaceOrientations_iPhone = "UIInterfaceOrientationPortrait UIInterfaceOrientationLandscapeLeft UIInterfaceOrientationLandscapeRight";
				LD_RUNPATH_SEARCH_PATHS = (
					"$(inherited)",
					"@executable_path/Frameworks",
				);
				MARKETING_VERSION = 1.0;
				PRODUCT_BUNDLE_IDENTIFIER = "com.grzanston.Calculator-Mobile-App";
				PRODUCT_NAME = "$(TARGET_NAME)";
				SWIFT_EMIT_LOC_STRINGS = YES;
				SWIFT_VERSION = 5.0;
				TARGETED_DEVICE_FAMILY = "1,2";
			};
			name = Debug;
		};
		371BEB692DFB0E5C00761EE1 /* Release */ = {
			isa = XCBuildConfiguration;
			buildSettings = {
				ASSETCATALOG_COMPILER_APPICON_NAME = AppIcon;
				ASSETCATALOG_COMPILER_GLOBAL_ACCENT_COLOR_NAME = AccentColor;
				CODE_SIGN_STYLE = Automatic;
				CURRENT_PROJECT_VERSION = 1;
				DEVELOPMENT_TEAM = C5B3R79784;
				ENABLE_PREVIEWS = YES;
				GENERATE_INFOPLIST_FILE = YES;
				INFOPLIST_KEY_UIApplicationSceneManifest_Generation = YES;
				INFOPLIST_KEY_UIApplicationSupportsIndirectInputEvents = YES;
				INFOPLIST_KEY_UILaunchScreen_Generation = YES;
				INFOPLIST_KEY_UISupportedInterfaceOrientations_iPad = "UIInterfaceOrientationPortrait UIInterfaceOrientationPortraitUpsideDown UIInterfaceOrientationLandscapeLeft UIInterfaceOrientationLandscapeRight";
				INFOPLIST_KEY_UISupportedInterfaceOrientations_iPhone = "UIInterfaceOrientationPortrait UIInterfaceOrientationLandscapeLeft UIInterfaceOrientationLandscapeRight";
				LD_RUNPATH_SEARCH_PATHS = (
					"$(inherited)",
					"@executable_path/Frameworks",
				);
				MARKETING_VERSION = 1.0;
				PRODUCT_BUNDLE_IDENTIFIER = "com.grzanston.Calculator-Mobile-App";
				PRODUCT_NAME = "$(TARGET_NAME)";
				SWIFT_EMIT_LOC_STRINGS = YES;
				SWIFT_VERSION = 5.0;
				TARGETED_DEVICE_FAMILY = "1,2";
			};
			name = Release;
		};
		371BEB6B2DFB0E5C00761EE1 /* Debug */ = {
			isa = XCBuildConfiguration;
			buildSettings = {
				BUNDLE_LOADER = "$(TEST_HOST)";
				CODE_SIGN_STYLE = Automatic;
				CURRENT_PROJECT_VERSION = 1;
				DEVELOPMENT_TEAM = C5B3R79784;
				GENERATE_INFOPLIST_FILE = YES;
				IPHONEOS_DEPLOYMENT_TARGET = 18.5;
				MARKETING_VERSION = 1.0;
				PRODUCT_BUNDLE_IDENTIFIER = "com.grzanston.Calculator-Mobile-AppTests";
				PRODUCT_NAME = "$(TARGET_NAME)";
				SWIFT_EMIT_LOC_STRINGS = NO;
				SWIFT_VERSION = 5.0;
				TARGETED_DEVICE_FAMILY = "1,2";
				TEST_HOST = "$(BUILT_PRODUCTS_DIR)/Calculator Mobile App.app/$(BUNDLE_EXECUTABLE_FOLDER_PATH)/Calculator Mobile App";
			};
			name = Debug;
		};
		371BEB6C2DFB0E5C00761EE1 /* Release */ = {
			isa = XCBuildConfiguration;
			buildSettings = {
				BUNDLE_LOADER = "$(TEST_HOST)";
				CODE_SIGN_STYLE = Automatic;
				CURRENT_PROJECT_VERSION = 1;
				DEVELOPMENT_TEAM = C5B3R79784;
				GENERATE_INFOPLIST_FILE = YES;
				IPHONEOS_DEPLOYMENT_TARGET = 18.5;
				MARKETING_VERSION = 1.0;
				PRODUCT_BUNDLE_IDENTIFIER = "com.grzanston.Calculator-Mobile-AppTests";
				PRODUCT_NAME = "$(TARGET_NAME)";
				SWIFT_EMIT_LOC_STRINGS = NO;
				SWIFT_VERSION = 5.0;
				TARGETED_DEVICE_FAMILY = "1,2";
				TEST_HOST = "$(BUILT_PRODUCTS_DIR)/Calculator Mobile App.app/$(BUNDLE_EXECUTABLE_FOLDER_PATH)/Calculator Mobile App";
			};
			name = Release;
		};
		371BEB6E2DFB0E5C00761EE1 /* Debug */ = {
			isa = XCBuildConfiguration;
			buildSettings = {
				CODE_SIGN_STYLE = Automatic;
				CURRENT_PROJECT_VERSION = 1;
				DEVELOPMENT_TEAM = C5B3R79784;
				GENERATE_INFOPLIST_FILE = YES;
				MARKETING_VERSION = 1.0;
				PRODUCT_BUNDLE_IDENTIFIER = "com.grzanston.Calculator-Mobile-AppUITests";
				PRODUCT_NAME = "$(TARGET_NAME)";
				SWIFT_EMIT_LOC_STRINGS = NO;
				SWIFT_VERSION = 5.0;
				TARGETED_DEVICE_FAMILY = "1,2";
				TEST_TARGET_NAME = "Calculator Mobile App";
			};
			name = Debug;
		};
		371BEB6F2DFB0E5C00761EE1 /* Release */ = {
			isa = XCBuildConfiguration;
			buildSettings = {
				CODE_SIGN_STYLE = Automatic;
				CURRENT_PROJECT_VERSION = 1;
				DEVELOPMENT_TEAM = C5B3R79784;
				GENERATE_INFOPLIST_FILE = YES;
				MARKETING_VERSION = 1.0;
				PRODUCT_BUNDLE_IDENTIFIER = "com.grzanston.Calculator-Mobile-AppUITests";
				PRODUCT_NAME = "$(TARGET_NAME)";
				SWIFT_EMIT_LOC_STRINGS = NO;
				SWIFT_VERSION = 5.0;
				TARGETED_DEVICE_FAMILY = "1,2";
				TEST_TARGET_NAME = "Calculator Mobile App";
			};
			name = Release;
		};
/* End XCBuildConfiguration section */

/* Begin XCConfigurationList section */
		371BEB412DFB0E5A00761EE1 /* Build configuration list for PBXProject "Calculator Mobile App" */ = {
			isa = XCConfigurationList;
			buildConfigurations = (
				371BEB652DFB0E5C00761EE1 /* Debug */,
				371BEB662DFB0E5C00761EE1 /* Release */,
			);
			defaultConfigurationIsVisible = 0;
			defaultConfigurationName = Release;
		};
		371BEB672DFB0E5C00761EE1 /* Build configuration list for PBXNativeTarget "Calculator Mobile App" */ = {
			isa = XCConfigurationList;
			buildConfigurations = (
				371BEB682DFB0E5C00761EE1 /* Debug */,
				371BEB692DFB0E5C00761EE1 /* Release */,
			);
			defaultConfigurationIsVisible = 0;
			defaultConfigurationName = Release;
		};
		371BEB6A2DFB0E5C00761EE1 /* Build configuration list for PBXNativeTarget "Calculator Mobile AppTests" */ = {
			isa = XCConfigurationList;
			buildConfigurations = (
				371BEB6B2DFB0E5C00761EE1 /* Debug */,
				371BEB6C2DFB0E5C00761EE1 /* Release */,
			);
			defaultConfigurationIsVisible = 0;
			defaultConfigurationName = Release;
		};
		371BEB6D2DFB0E5C00761EE1 /* Build configuration list for PBXNativeTarget "Calculator Mobile AppUITests" */ = {
			isa = XCConfigurationList;
			buildConfigurations = (
				371BEB6E2DFB0E5C00761EE1 /* Debug */,
				371BEB6F2DFB0E5C00761EE1 /* Release */,
			);
			defaultConfigurationIsVisible = 0;
			defaultConfigurationName = Release;
		};
/* End XCConfigurationList section */
	};
	rootObject = 371BEB3E2DFB0E5A00761EE1 /* Project object */;
}
